
Microsoft Visual Studio Solution File, Format Version 12.00
# Visual Studio Version 17
VisualStudioVersion = 17.9.34622.214
MinimumVisualStudioVersion = 10.0.40219.1
Project("{9A19103F-16F7-4668-BE54-9A1E7A4F7556}") = "euromilhoes", "trabalho final - prog.estruturada\euromilhoes.csproj", "{86BFC267-B9CF-44EF-83C1-29B602635FB2}"
EndProject
Project("{9A19103F-16F7-4668-BE54-9A1E7A4F7556}") = "vending machine", "vending machine\vending machine.csproj", "{1E35B432-3CBC-42C0-9958-803C74EFD59E}"
EndProject
Global
	GlobalSection(SolutionConfigurationPlatforms) = preSolution
		Debug|Any CPU = Debug|Any CPU
		Release|Any CPU = Release|Any CPU
	EndGlobalSection
	GlobalSection(ProjectConfigurationPlatforms) = postSolution
		{86BFC267-B9CF-44EF-83C1-29B602635FB2}.Debug|Any CPU.ActiveCfg = Debug|Any CPU
		{86BFC267-B9CF-44EF-83C1-29B602635FB2}.Debug|Any CPU.Build.0 = Debug|Any CPU
		{86BFC267-B9CF-44EF-83C1-29B602635FB2}.Release|Any CPU.ActiveCfg = Release|Any CPU
		{86BFC267-B9CF-44EF-83C1-29B602635FB2}.Release|Any CPU.Build.0 = Release|Any CPU
		{1E35B432-3CBC-42C0-9958-803C74EFD59E}.Debug|Any CPU.ActiveCfg = Debug|Any CPU
		{1E35B432-3CBC-42C0-9958-803C74EFD59E}.Debug|Any CPU.Build.0 = Debug|Any CPU
		{1E35B432-3CBC-42C0-9958-803C74EFD59E}.Release|Any CPU.ActiveCfg = Release|Any CPU
		{1E35B432-3CBC-42C0-9958-803C74EFD59E}.Release|Any CPU.Build.0 = Release|Any CPU
	EndGlobalSection
	GlobalSection(SolutionProperties) = preSolution
		HideSolutionNode = FALSE
	EndGlobalSection
	GlobalSection(ExtensibilityGlobals) = postSolution
		SolutionGuid = {15C79A82-DC09-4E3A-AA59-2AE96F66C8D3}
	EndGlobalSection
EndGlobal
